// !$*UTF8*$!
{
	archiveVersion = 1;
	classes = {
	};
	objectVersion = 56;
	objects = {

/* Begin PBXBuildFile section */
		BD7702A12A49E15E008CEC53 /* FileManager+DocumentsDirectory.swift in Sources */ = {isa = PBXBuildFile; fileRef = BD7702A02A49E15E008CEC53 /* FileManager+DocumentsDirectory.swift */; };
		BD7702A32A49E7C6008CEC53 /* DetailsView.swift in Sources */ = {isa = PBXBuildFile; fileRef = BD7702A22A49E7C6008CEC53 /* DetailsView.swift */; };
		BD7702A52A4A63A2008CEC53 /* LocationFetcher.swift in Sources */ = {isa = PBXBuildFile; fileRef = BD7702A42A4A63A2008CEC53 /* LocationFetcher.swift */; };
		BDDE1F472A49D7DE00FAE84B /* NameMomentoApp.swift in Sources */ = {isa = PBXBuildFile; fileRef = BDDE1F462A49D7DE00FAE84B /* NameMomentoApp.swift */; };
		BDDE1F492A49D7DE00FAE84B /* ContentView.swift in Sources */ = {isa = PBXBuildFile; fileRef = BDDE1F482A49D7DE00FAE84B /* ContentView.swift */; };
		BDDE1F4B2A49D7DF00FAE84B /* Assets.xcassets in Resources */ = {isa = PBXBuildFile; fileRef = BDDE1F4A2A49D7DF00FAE84B /* Assets.xcassets */; };
		BDDE1F4E2A49D7DF00FAE84B /* Preview Assets.xcassets in Resources */ = {isa = PBXBuildFile; fileRef = BDDE1F4D2A49D7DF00FAE84B /* Preview Assets.xcassets */; };
		BDDE1F552A49D99600FAE84B /* User.swift in Sources */ = {isa = PBXBuildFile; fileRef = BDDE1F542A49D99600FAE84B /* User.swift */; };
		BDDE1F572A49DA1900FAE84B /* UserObject.swift in Sources */ = {isa = PBXBuildFile; fileRef = BDDE1F562A49DA1900FAE84B /* UserObject.swift */; };
		BDDE1F592A49DB7F00FAE84B /* AddUser.swift in Sources */ = {isa = PBXBuildFile; fileRef = BDDE1F582A49DB7F00FAE84B /* AddUser.swift */; };
		BDDE1F5B2A49DCD600FAE84B /* ImagePicker.swift in Sources */ = {isa = PBXBuildFile; fileRef = BDDE1F5A2A49DCD600FAE84B /* ImagePicker.swift */; };
/* End PBXBuildFile section */

/* Begin PBXFileReference section */
		BD7702A02A49E15E008CEC53 /* FileManager+DocumentsDirectory.swift */ = {isa = PBXFileReference; lastKnownFileType = sourcecode.swift; path = "FileManager+DocumentsDirectory.swift"; sourceTree = "<group>"; };
		BD7702A22A49E7C6008CEC53 /* DetailsView.swift */ = {isa = PBXFileReference; lastKnownFileType = sourcecode.swift; path = DetailsView.swift; sourceTree = "<group>"; };
		BD7702A42A4A63A2008CEC53 /* LocationFetcher.swift */ = {isa = PBXFileReference; lastKnownFileType = sourcecode.swift; path = LocationFetcher.swift; sourceTree = "<group>"; };
		BDDE1F432A49D7DE00FAE84B /* NameMomento.app */ = {isa = PBXFileReference; explicitFileType = wrapper.application; includeInIndex = 0; path = NameMomento.app; sourceTree = BUILT_PRODUCTS_DIR; };
		BDDE1F462A49D7DE00FAE84B /* NameMomentoApp.swift */ = {isa = PBXFileReference; lastKnownFileType = sourcecode.swift; path = NameMomentoApp.swift; sourceTree = "<group>"; };
		BDDE1F482A49D7DE00FAE84B /* ContentView.swift */ = {isa = PBXFileReference; lastKnownFileType = sourcecode.swift; path = ContentView.swift; sourceTree = "<group>"; };
		BDDE1F4A2A49D7DF00FAE84B /* Assets.xcassets */ = {isa = PBXFileReference; lastKnownFileType = folder.assetcatalog; path = Assets.xcassets; sourceTree = "<group>"; };
		BDDE1F4D2A49D7DF00FAE84B /* Preview Assets.xcassets */ = {isa = PBXFileReference; lastKnownFileType = folder.assetcatalog; path = "Preview Assets.xcassets"; sourceTree = "<group>"; };
		BDDE1F542A49D99600FAE84B /* User.swift */ = {isa = PBXFileReference; lastKnownFileType = sourcecode.swift; path = User.swift; sourceTree = "<group>"; };
		BDDE1F562A49DA1900FAE84B /* UserObject.swift */ = {isa = PBXFileReference; lastKnownFileType = sourcecode.swift; path = UserObject.swift; sourceTree = "<group>"; };
		BDDE1F582A49DB7F00FAE84B /* AddUser.swift */ = {isa = PBXFileReference; lastKnownFileType = sourcecode.swift; path = AddUser.swift; sourceTree = "<group>"; };
		BDDE1F5A2A49DCD600FAE84B /* ImagePicker.swift */ = {isa = PBXFileReference; fileEncoding = 4; lastKnownFileType = sourcecode.swift; path = ImagePicker.swift; sourceTree = "<group>"; };
/* End PBXFileReference section */

/* Begin PBXFrameworksBuildPhase section */
		BDDE1F402A49D7DE00FAE84B /* Frameworks */ = {
			isa = PBXFrameworksBuildPhase;
			buildActionMask = 2147483647;
			files = (
			);
			runOnlyForDeploymentPostprocessing = 0;
		};
/* End PBXFrameworksBuildPhase section */

/* Begin PBXGroup section */
		BDDE1F3A2A49D7DE00FAE84B = {
			isa = PBXGroup;
			children = (
				BDDE1F452A49D7DE00FAE84B /* NameMomento */,
				BDDE1F442A49D7DE00FAE84B /* Products */,
			);
			sourceTree = "<group>";
		};
		BDDE1F442A49D7DE00FAE84B /* Products */ = {
			isa = PBXGroup;
			children = (
				BDDE1F432A49D7DE00FAE84B /* NameMomento.app */,
			);
			name = Products;
			sourceTree = "<group>";
		};
		BDDE1F452A49D7DE00FAE84B /* NameMomento */ = {
			isa = PBXGroup;
			children = (
				BD7702A42A4A63A2008CEC53 /* LocationFetcher.swift */,
				BDDE1F5A2A49DCD600FAE84B /* ImagePicker.swift */,
				BDDE1F462A49D7DE00FAE84B /* NameMomentoApp.swift */,
				BDDE1F482A49D7DE00FAE84B /* ContentView.swift */,
				BDDE1F582A49DB7F00FAE84B /* AddUser.swift */,
				BD7702A22A49E7C6008CEC53 /* DetailsView.swift */,
				BDDE1F542A49D99600FAE84B /* User.swift */,
				BDDE1F562A49DA1900FAE84B /* UserObject.swift */,
				BDDE1F4A2A49D7DF00FAE84B /* Assets.xcassets */,
				BDDE1F4C2A49D7DF00FAE84B /* Preview Content */,
				BD7702A02A49E15E008CEC53 /* FileManager+DocumentsDirectory.swift */,
			);
			path = NameMomento;
			sourceTree = "<group>";
		};
		BDDE1F4C2A49D7DF00FAE84B /* Preview Content */ = {
			isa = PBXGroup;
			children = (
				BDDE1F4D2A49D7DF00FAE84B /* Preview Assets.xcassets */,
			);
			path = "Preview Content";
			sourceTree = "<group>";
		};
/* End PBXGroup section */

/* Begin PBXNativeTarget section */
		BDDE1F422A49D7DE00FAE84B /* NameMomento */ = {
			isa = PBXNativeTarget;
			buildConfigurationList = BDDE1F512A49D7DF00FAE84B /* Build configuration list for PBXNativeTarget "NameMomento" */;
			buildPhases = (
				BDDE1F3F2A49D7DE00FAE84B /* Sources */,
				BDDE1F402A49D7DE00FAE84B /* Frameworks */,
				BDDE1F412A49D7DE00FAE84B /* Resources */,
			);
			buildRules = (
			);
			dependencies = (
			);
			name = NameMomento;
			productName = NameMomento;
			productReference = BDDE1F432A49D7DE00FAE84B /* NameMomento.app */;
			productType = "com.apple.product-type.application";
		};
/* End PBXNativeTarget section */

/* Begin PBXProject section */
		BDDE1F3B2A49D7DE00FAE84B /* Project object */ = {
			isa = PBXProject;
			attributes = {
				BuildIndependentTargetsInParallel = 1;
				LastSwiftUpdateCheck = 1430;
				LastUpgradeCheck = 1430;
				TargetAttributes = {
					BDDE1F422A49D7DE00FAE84B = {
						CreatedOnToolsVersion = 14.3.1;
					};
				};
			};
			buildConfigurationList = BDDE1F3E2A49D7DE00FAE84B /* Build configuration list for PBXProject "NameMomento" */;
			compatibilityVersion = "Xcode 14.0";
			developmentRegion = en;
			hasScannedForEncodings = 0;
			knownRegions = (
				en,
				Base,
			);
			mainGroup = BDDE1F3A2A49D7DE00FAE84B;
			productRefGroup = BDDE1F442A49D7DE00FAE84B /* Products */;
			projectDirPath = "";
			projectRoot = "";
			targets = (
				BDDE1F422A49D7DE00FAE84B /* NameMomento */,
			);
		};
/* End PBXProject section */

/* Begin PBXResourcesBuildPhase section */
		BDDE1F412A49D7DE00FAE84B /* Resources */ = {
			isa = PBXResourcesBuildPhase;
			buildActionMask = 2147483647;
			files = (
				BDDE1F4E2A49D7DF00FAE84B /* Preview Assets.xcassets in Resources */,
				BDDE1F4B2A49D7DF00FAE84B /* Assets.xcassets in Resources */,
			);
			runOnlyForDeploymentPostprocessing = 0;
		};
/* End PBXResourcesBuildPhase section */

/* Begin PBXSourcesBuildPhase section */
		BDDE1F3F2A49D7DE00FAE84B /* Sources */ = {
			isa = PBXSourcesBuildPhase;
			buildActionMask = 2147483647;
			files = (
				BDDE1F492A49D7DE00FAE84B /* ContentView.swift in Sources */,
				BDDE1F572A49DA1900FAE84B /* UserObject.swift in Sources */,
				BD7702A12A49E15E008CEC53 /* FileManager+DocumentsDirectory.swift in Sources */,
				BDDE1F472A49D7DE00FAE84B /* NameMomentoApp.swift in Sources */,
				BDDE1F5B2A49DCD600FAE84B /* ImagePicker.swift in Sources */,
				BD7702A32A49E7C6008CEC53 /* DetailsView.swift in Sources */,
				BDDE1F552A49D99600FAE84B /* User.swift in Sources */,
				BDDE1F592A49DB7F00FAE84B /* AddUser.swift in Sources */,
				BD7702A52A4A63A2008CEC53 /* LocationFetcher.swift in Sources */,
			);
			runOnlyForDeploymentPostprocessing = 0;
		};
/* End PBXSourcesBuildPhase section */

/* Begin XCBuildConfiguration section */
		BDDE1F4F2A49D7DF00FAE84B /* Debug */ = {
			isa = XCBuildConfiguration;
			buildSettings = {
				ALWAYS_SEARCH_USER_PATHS = NO;
				CLANG_ANALYZER_NONNULL = YES;
				CLANG_ANALYZER_NUMBER_OBJECT_CONVERSION = YES_AGGRESSIVE;
				CLANG_CXX_LANGUAGE_STANDARD = "gnu++20";
				CLANG_ENABLE_MODULES = YES;
				CLANG_ENABLE_OBJC_ARC = YES;
				CLANG_ENABLE_OBJC_WEAK = YES;
				CLANG_WARN_BLOCK_CAPTURE_AUTORELEASING = YES;
				CLANG_WARN_BOOL_CONVERSION = YES;
				CLANG_WARN_COMMA = YES;
				CLANG_WARN_CONSTANT_CONVERSION = YES;
				CLANG_WARN_DEPRECATED_OBJC_IMPLEMENTATIONS = YES;
				CLANG_WARN_DIRECT_OBJC_ISA_USAGE = YES_ERROR;
				CLANG_WARN_DOCUMENTATION_COMMENTS = YES;
				CLANG_WARN_EMPTY_BODY = YES;
				CLANG_WARN_ENUM_CONVERSION = YES;
				CLANG_WARN_INFINITE_RECURSION = YES;
				CLANG_WARN_INT_CONVERSION = YES;
				CLANG_WARN_NON_LITERAL_NULL_CONVERSION = YES;
				CLANG_WARN_OBJC_IMPLICIT_RETAIN_SELF = YES;
				CLANG_WARN_OBJC_LITERAL_CONVERSION = YES;
				CLANG_WARN_OBJC_ROOT_CLASS = YES_ERROR;
				CLANG_WARN_QUOTED_INCLUDE_IN_FRAMEWORK_HEADER = YES;
				CLANG_WARN_RANGE_LOOP_ANALYSIS = YES;
				CLANG_WARN_STRICT_PROTOTYPES = YES;
				CLANG_WARN_SUSPICIOUS_MOVE = YES;
				CLANG_WARN_UNGUARDED_AVAILABILITY = YES_AGGRESSIVE;
				CLANG_WARN_UNREACHABLE_CODE = YES;
				CLANG_WARN__DUPLICATE_METHOD_MATCH = YES;
				COPY_PHASE_STRIP = NO;
				DEBUG_INFORMATION_FORMAT = dwarf;
				ENABLE_STRICT_OBJC_MSGSEND = YES;
				ENABLE_TESTABILITY = YES;
				GCC_C_LANGUAGE_STANDARD = gnu11;
				GCC_DYNAMIC_NO_PIC = NO;
				GCC_NO_COMMON_BLOCKS = YES;
				GCC_OPTIMIZATION_LEVEL = 0;
				GCC_PREPROCESSOR_DEFINITIONS = (
					"DEBUG=1",
					"$(inherited)",
				);
				GCC_WARN_64_TO_32_BIT_CONVERSION = YES;
				GCC_WARN_ABOUT_RETURN_TYPE = YES_ERROR;
				GCC_WARN_UNDECLARED_SELECTOR = YES;
				GCC_WARN_UNINITIALIZED_AUTOS = YES_AGGRESSIVE;
				GCC_WARN_UNUSED_FUNCTION = YES;
				GCC_WARN_UNUSED_VARIABLE = YES;
				IPHONEOS_DEPLOYMENT_TARGET = 16.4;
				MTL_ENABLE_DEBUG_INFO = INCLUDE_SOURCE;
				MTL_FAST_MATH = YES;
				ONLY_ACTIVE_ARCH = YES;
				SDKROOT = iphoneos;
				SWIFT_ACTIVE_COMPILATION_CONDITIONS = DEBUG;
				SWIFT_OPTIMIZATION_LEVEL = "-Onone";
			};
			name = Debug;
		};
		BDDE1F502A49D7DF00FAE84B /* Release */ = {
			isa = XCBuildConfiguration;
			buildSettings = {
				ALWAYS_SEARCH_USER_PATHS = NO;
				CLANG_ANALYZER_NONNULL = YES;
				CLANG_ANALYZER_NUMBER_OBJECT_CONVERSION = YES_AGGRESSIVE;
				CLANG_CXX_LANGUAGE_STANDARD = "gnu++20";
				CLANG_ENABLE_MODULES = YES;
				CLANG_ENABLE_OBJC_ARC = YES;
				CLANG_ENABLE_OBJC_WEAK = YES;
				CLANG_WARN_BLOCK_CAPTURE_AUTORELEASING = YES;
				CLANG_WARN_BOOL_CONVERSION = YES;
				CLANG_WARN_COMMA = YES;
				CLANG_WARN_CONSTANT_CONVERSION = YES;
				CLANG_WARN_DEPRECATED_OBJC_IMPLEMENTATIONS = YES;
				CLANG_WARN_DIRECT_OBJC_ISA_USAGE = YES_ERROR;
				CLANG_WARN_DOCUMENTATION_COMMENTS = YES;
				CLANG_WARN_EMPTY_BODY = YES;
				CLANG_WARN_ENUM_CONVERSION = YES;
				CLANG_WARN_INFINITE_RECURSION = YES;
				CLANG_WARN_INT_CONVERSION = YES;
				CLANG_WARN_NON_LITERAL_NULL_CONVERSION = YES;
				CLANG_WARN_OBJC_IMPLICIT_RETAIN_SELF = YES;
				CLANG_WARN_OBJC_LITERAL_CONVERSION = YES;
				CLANG_WARN_OBJC_ROOT_CLASS = YES_ERROR;
				CLANG_WARN_QUOTED_INCLUDE_IN_FRAMEWORK_HEADER = YES;
				CLANG_WARN_RANGE_LOOP_ANALYSIS = YES;
				CLANG_WARN_STRICT_PROTOTYPES = YES;
				CLANG_WARN_SUSPICIOUS_MOVE = YES;
				CLANG_WARN_UNGUARDED_AVAILABILITY = YES_AGGRESSIVE;
				CLANG_WARN_UNREACHABLE_CODE = YES;
				CLANG_WARN__DUPLICATE_METHOD_MATCH = YES;
				COPY_PHASE_STRIP = NO;
				DEBUG_INFORMATION_FORMAT = "dwarf-with-dsym";
				ENABLE_NS_ASSERTIONS = NO;
				ENABLE_STRICT_OBJC_MSGSEND = YES;
				GCC_C_LANGUAGE_STANDARD = gnu11;
				GCC_NO_COMMON_BLOCKS = YES;
				GCC_WARN_64_TO_32_BIT_CONVERSION = YES;
				GCC_WARN_ABOUT_RETURN_TYPE = YES_ERROR;
				GCC_WARN_UNDECLARED_SELECTOR = YES;
				GCC_WARN_UNINITIALIZED_AUTOS = YES_AGGRESSIVE;
				GCC_WARN_UNUSED_FUNCTION = YES;
				GCC_WARN_UNUSED_VARIABLE = YES;
				IPHONEOS_DEPLOYMENT_TARGET = 16.4;
				MTL_ENABLE_DEBUG_INFO = NO;
				MTL_FAST_MATH = YES;
				SDKROOT = iphoneos;
				SWIFT_COMPILATION_MODE = wholemodule;
				SWIFT_OPTIMIZATION_LEVEL = "-O";
				VALIDATE_PRODUCT = YES;
			};
			name = Release;
		};
		BDDE1F522A49D7DF00FAE84B /* Debug */ = {
			isa = XCBuildConfiguration;
			buildSettings = {
				ASSETCATALOG_COMPILER_APPICON_NAME = AppIcon;
				ASSETCATALOG_COMPILER_GLOBAL_ACCENT_COLOR_NAME = AccentColor;
				CODE_SIGN_STYLE = Automatic;
				CURRENT_PROJECT_VERSION = 1;
				DEVELOPMENT_ASSET_PATHS = "\"NameMomento/Preview Content\"";
				DEVELOPMENT_TEAM = DTW6Q39FPG;
				ENABLE_PREVIEWS = YES;
				GENERATE_INFOPLIST_FILE = YES;
				INFOPLIST_KEY_NSLocationWhenInUseUsageDescription = "We want to show save contact location.";
				INFOPLIST_KEY_UIApplicationSceneManifest_Generation = YES;
				INFOPLIST_KEY_UIApplicationSupportsIndirectInputEvents = YES;
				INFOPLIST_KEY_UILaunchScreen_Generation = YES;
				INFOPLIST_KEY_UISupportedInterfaceOrientations_iPad = "UIInterfaceOrientationPortrait UIInterfaceOrientationPortraitUpsideDown UIInterfaceOrientationLandscapeLeft UIInterfaceOrientationLandscapeRight";
				INFOPLIST_KEY_UISupportedInterfaceOrientations_iPhone = "UIInterfaceOrientationPortrait UIInterfaceOrientationLandscapeLeft UIInterfaceOrientationLandscapeRight";
				LD_RUNPATH_SEARCH_PATHS = (
					"$(inherited)",
					"@executable_path/Frameworks",
				);
				MARKETING_VERSION = 1.0;
				PRODUCT_BUNDLE_IDENTIFIER = com.rishav.NameMomento;
				PRODUCT_NAME = "$(TARGET_NAME)";
				SWIFT_EMIT_LOC_STRINGS = YES;
				SWIFT_VERSION = 5.0;
				TARGETED_DEVICE_FAMILY = "1,2";
			};
			name = Debug;
		};
		BDDE1F532A49D7DF00FAE84B /* Release */ = {
			isa = XCBuildConfiguration;
			buildSettings = {
				ASSETCATALOG_COMPILER_APPICON_NAME = AppIcon;
				ASSETCATALOG_COMPILER_GLOBAL_ACCENT_COLOR_NAME = AccentColor;
				CODE_SIGN_STYLE = Automatic;
				CURRENT_PROJECT_VERSION = 1;
				DEVELOPMENT_ASSET_PATHS = "\"NameMomento/Preview Content\"";
				DEVELOPMENT_TEAM = DTW6Q39FPG;
				ENABLE_PREVIEWS = YES;
				GENERATE_INFOPLIST_FILE = YES;
				INFOPLIST_KEY_NSLocationWhenInUseUsageDescription = "We want to show save contact location.";
				INFOPLIST_KEY_UIApplicationSceneManifest_Generation = YES;
				INFOPLIST_KEY_UIApplicationSupportsIndirectInputEvents = YES;
				INFOPLIST_KEY_UILaunchScreen_Generation = YES;
				INFOPLIST_KEY_UISupportedInterfaceOrientations_iPad = "UIInterfaceOrientationPortrait UIInterfaceOrientationPortraitUpsideDown UIInterfaceOrientationLandscapeLeft UIInterfaceOrientationLandscapeRight";
				INFOPLIST_KEY_UISupportedInterfaceOrientations_iPhone = "UIInterfaceOrientationPortrait UIInterfaceOrientationLandscapeLeft UIInterfaceOrientationLandscapeRight";
				LD_RUNPATH_SEARCH_PATHS = (
					"$(inherited)",
					"@executable_path/Frameworks",
				);
				MARKETING_VERSION = 1.0;
				PRODUCT_BUNDLE_IDENTIFIER = com.rishav.NameMomento;
				PRODUCT_NAME = "$(TARGET_NAME)";
				SWIFT_EMIT_LOC_STRINGS = YES;
				SWIFT_VERSION = 5.0;
				TARGETED_DEVICE_FAMILY = "1,2";
			};
			name = Release;
		};
/* End XCBuildConfiguration section */

/* Begin XCConfigurationList section */
		BDDE1F3E2A49D7DE00FAE84B /* Build configuration list for PBXProject "NameMomento" */ = {
			isa = XCConfigurationList;
			buildConfigurations = (
				BDDE1F4F2A49D7DF00FAE84B /* Debug */,
				BDDE1F502A49D7DF00FAE84B /* Release */,
			);
			defaultConfigurationIsVisible = 0;
			defaultConfigurationName = Release;
		};
		BDDE1F512A49D7DF00FAE84B /* Build configuration list for PBXNativeTarget "NameMomento" */ = {
			isa = XCConfigurationList;
			buildConfigurations = (
				BDDE1F522A49D7DF00FAE84B /* Debug */,
				BDDE1F532A49D7DF00FAE84B /* Release */,
			);
			defaultConfigurationIsVisible = 0;
			defaultConfigurationName = Release;
		};
/* End XCConfigurationList section */
	};
	rootObject = BDDE1F3B2A49D7DE00FAE84B /* Project object */;
}
